name: Phase 4.7.5 Navigation Lock (archived)

on:
  workflow_dispatch:

permissions:
  contents: read

jobs:
  archived:
    runs-on: ubuntu-latest
    steps:
      - run: echo "Phase 4.7.5 navigation certification is archived. Current navigation coverage remains in npm test and Validate Garden App."
